
Microsoft Visual Studio Solution File, Format Version 12.00
# Visual Studio Version 16
VisualStudioVersion = 16.0.29926.136
MinimumVisualStudioVersion = 10.0.40219.1
Project("{9A19103F-16F7-4668-BE54-9A1E7A4F7556}") = "Fixit.WebApi", "Fixit.WebApi\Fixit.WebApi.csproj", "{375FAA74-55AB-4EE1-B6B4-CCB4C7EB80A6}"
EndProject
Project("{9A19103F-16F7-4668-BE54-9A1E7A4F7556}") = "Fixit.Shared", "Fixit.Shared\Fixit.Shared.csproj", "{789D5C3C-243B-44B6-93AD-C0A4F0C365D2}"
EndProject
Project("{9A19103F-16F7-4668-BE54-9A1E7A4F7556}") = "Fixit.EventBus", "Fixit.EventBus\Fixit.EventBus.csproj", "{D40BF2CB-D38D-4957-A88B-1A9F57F68A5E}"
EndProject
Project("{FAE04EC0-301F-11D3-BF4B-00C04F79EFBC}") = "Fixit.Domain", "Fixit.Domain\Fixit.Domain.csproj", "{142ED26D-89D6-4A19-94BC-9E90887B7196}"
EndProject
Project("{FAE04EC0-301F-11D3-BF4B-00C04F79EFBC}") = "Fixit.Application", "Fixit.Application\Fixit.Application.csproj", "{C8B29E9D-47F4-484E-919D-6896F9906B34}"
EndProject
Project("{2150E333-8FDC-42A3-9474-1A3956D46DE8}") = "Core", "Core", "{94C5A54D-7692-449E-85D4-5EDEB7D55414}"
EndProject
Project("{2150E333-8FDC-42A3-9474-1A3956D46DE8}") = "Presentation", "Presentation", "{8FB87467-5A0F-4D8E-B6AE-C9EB3BED7C36}"
EndProject
Project("{2150E333-8FDC-42A3-9474-1A3956D46DE8}") = "ClientApp", "ClientApp", "{76AB30A8-03E8-4BC1-B09F-8DD719899828}"
EndProject
Project("{2150E333-8FDC-42A3-9474-1A3956D46DE8}") = "Infrastructure", "Infrastructure", "{DFFC1F4E-02D2-407A-AC26-E0E38AE729EC}"
EndProject
Project("{FAE04EC0-301F-11D3-BF4B-00C04F79EFBC}") = "Fixit.Persistance", "Fixit.Persistance\Fixit.Persistance.csproj", "{F4DA93CD-CC02-4732-BD25-28532634E02D}"
EndProject
Project("{FAE04EC0-301F-11D3-BF4B-00C04F79EFBC}") = "Fixit.Infrastructure", "Fixit.Infrastructure\Fixit.Infrastructure.csproj", "{629EDD65-AF5B-4DF2-91A2-73FBE3B7F97F}"
EndProject
Global
	GlobalSection(SolutionConfigurationPlatforms) = preSolution
		Debug|Any CPU = Debug|Any CPU
		Release|Any CPU = Release|Any CPU
	EndGlobalSection
	GlobalSection(ProjectConfigurationPlatforms) = postSolution
		{375FAA74-55AB-4EE1-B6B4-CCB4C7EB80A6}.Debug|Any CPU.ActiveCfg = Debug|Any CPU
		{375FAA74-55AB-4EE1-B6B4-CCB4C7EB80A6}.Debug|Any CPU.Build.0 = Debug|Any CPU
		{375FAA74-55AB-4EE1-B6B4-CCB4C7EB80A6}.Release|Any CPU.ActiveCfg = Release|Any CPU
		{375FAA74-55AB-4EE1-B6B4-CCB4C7EB80A6}.Release|Any CPU.Build.0 = Release|Any CPU
		{789D5C3C-243B-44B6-93AD-C0A4F0C365D2}.Debug|Any CPU.ActiveCfg = Debug|Any CPU
		{789D5C3C-243B-44B6-93AD-C0A4F0C365D2}.Debug|Any CPU.Build.0 = Debug|Any CPU
		{789D5C3C-243B-44B6-93AD-C0A4F0C365D2}.Release|Any CPU.ActiveCfg = Release|Any CPU
		{789D5C3C-243B-44B6-93AD-C0A4F0C365D2}.Release|Any CPU.Build.0 = Release|Any CPU
		{D40BF2CB-D38D-4957-A88B-1A9F57F68A5E}.Debug|Any CPU.ActiveCfg = Debug|Any CPU
		{D40BF2CB-D38D-4957-A88B-1A9F57F68A5E}.Debug|Any CPU.Build.0 = Debug|Any CPU
		{D40BF2CB-D38D-4957-A88B-1A9F57F68A5E}.Release|Any CPU.ActiveCfg = Release|Any CPU
		{D40BF2CB-D38D-4957-A88B-1A9F57F68A5E}.Release|Any CPU.Build.0 = Release|Any CPU
		{142ED26D-89D6-4A19-94BC-9E90887B7196}.Debug|Any CPU.ActiveCfg = Debug|Any CPU
		{142ED26D-89D6-4A19-94BC-9E90887B7196}.Debug|Any CPU.Build.0 = Debug|Any CPU
		{142ED26D-89D6-4A19-94BC-9E90887B7196}.Release|Any CPU.ActiveCfg = Release|Any CPU
		{142ED26D-89D6-4A19-94BC-9E90887B7196}.Release|Any CPU.Build.0 = Release|Any CPU
		{C8B29E9D-47F4-484E-919D-6896F9906B34}.Debug|Any CPU.ActiveCfg = Debug|Any CPU
		{C8B29E9D-47F4-484E-919D-6896F9906B34}.Debug|Any CPU.Build.0 = Debug|Any CPU
		{C8B29E9D-47F4-484E-919D-6896F9906B34}.Release|Any CPU.ActiveCfg = Release|Any CPU
		{C8B29E9D-47F4-484E-919D-6896F9906B34}.Release|Any CPU.Build.0 = Release|Any CPU
		{F4DA93CD-CC02-4732-BD25-28532634E02D}.Debug|Any CPU.ActiveCfg = Debug|Any CPU
		{F4DA93CD-CC02-4732-BD25-28532634E02D}.Debug|Any CPU.Build.0 = Debug|Any CPU
		{F4DA93CD-CC02-4732-BD25-28532634E02D}.Release|Any CPU.ActiveCfg = Release|Any CPU
		{F4DA93CD-CC02-4732-BD25-28532634E02D}.Release|Any CPU.Build.0 = Release|Any CPU
		{629EDD65-AF5B-4DF2-91A2-73FBE3B7F97F}.Debug|Any CPU.ActiveCfg = Debug|Any CPU
		{629EDD65-AF5B-4DF2-91A2-73FBE3B7F97F}.Debug|Any CPU.Build.0 = Debug|Any CPU
		{629EDD65-AF5B-4DF2-91A2-73FBE3B7F97F}.Release|Any CPU.ActiveCfg = Release|Any CPU
		{629EDD65-AF5B-4DF2-91A2-73FBE3B7F97F}.Release|Any CPU.Build.0 = Release|Any CPU
	EndGlobalSection
	GlobalSection(SolutionProperties) = preSolution
		HideSolutionNode = FALSE
	EndGlobalSection
	GlobalSection(NestedProjects) = preSolution
		{375FAA74-55AB-4EE1-B6B4-CCB4C7EB80A6} = {8FB87467-5A0F-4D8E-B6AE-C9EB3BED7C36}
		{D40BF2CB-D38D-4957-A88B-1A9F57F68A5E} = {DFFC1F4E-02D2-407A-AC26-E0E38AE729EC}
		{142ED26D-89D6-4A19-94BC-9E90887B7196} = {94C5A54D-7692-449E-85D4-5EDEB7D55414}
		{C8B29E9D-47F4-484E-919D-6896F9906B34} = {94C5A54D-7692-449E-85D4-5EDEB7D55414}
		{76AB30A8-03E8-4BC1-B09F-8DD719899828} = {8FB87467-5A0F-4D8E-B6AE-C9EB3BED7C36}
		{F4DA93CD-CC02-4732-BD25-28532634E02D} = {DFFC1F4E-02D2-407A-AC26-E0E38AE729EC}
		{629EDD65-AF5B-4DF2-91A2-73FBE3B7F97F} = {DFFC1F4E-02D2-407A-AC26-E0E38AE729EC}
	EndGlobalSection
	GlobalSection(ExtensibilityGlobals) = postSolution
		SolutionGuid = {0B7A6A28-EE17-40F9-9449-2F49FC774408}
	EndGlobalSection
EndGlobal
