
Microsoft Visual Studio Solution File, Format Version 12.00
# Visual Studio Version 16
VisualStudioVersion = 16.0.29926.136
MinimumVisualStudioVersion = 10.0.40219.1
Project("{9A19103F-16F7-4668-BE54-9A1E7A4F7556}") = "Fixit.WebApi", "Fixit.WebApi\Fixit.WebApi.csproj", "{375FAA74-55AB-4EE1-B6B4-CCB4C7EB80A6}"
EndProject
Project("{FAE04EC0-301F-11D3-BF4B-00C04F79EFBC}") = "Fixit.Shared", "Fixit.Shared\Fixit.Shared.csproj", "{789D5C3C-243B-44B6-93AD-C0A4F0C365D2}"
EndProject
Project("{FAE04EC0-301F-11D3-BF4B-00C04F79EFBC}") = "Fixit.MailService", "Fixit.MailService\Fixit.MailService.csproj", "{1B1F20C4-10D6-44DB-B582-A97FF0A6F574}"
EndProject
Global
	GlobalSection(SolutionConfigurationPlatforms) = preSolution
		Debug|Any CPU = Debug|Any CPU
		Release|Any CPU = Release|Any CPU
	EndGlobalSection
	GlobalSection(ProjectConfigurationPlatforms) = postSolution
		{375FAA74-55AB-4EE1-B6B4-CCB4C7EB80A6}.Debug|Any CPU.ActiveCfg = Debug|Any CPU
		{375FAA74-55AB-4EE1-B6B4-CCB4C7EB80A6}.Debug|Any CPU.Build.0 = Debug|Any CPU
		{375FAA74-55AB-4EE1-B6B4-CCB4C7EB80A6}.Release|Any CPU.ActiveCfg = Release|Any CPU
		{375FAA74-55AB-4EE1-B6B4-CCB4C7EB80A6}.Release|Any CPU.Build.0 = Release|Any CPU
		{789D5C3C-243B-44B6-93AD-C0A4F0C365D2}.Debug|Any CPU.ActiveCfg = Debug|Any CPU
		{789D5C3C-243B-44B6-93AD-C0A4F0C365D2}.Debug|Any CPU.Build.0 = Debug|Any CPU
		{789D5C3C-243B-44B6-93AD-C0A4F0C365D2}.Release|Any CPU.ActiveCfg = Release|Any CPU
		{789D5C3C-243B-44B6-93AD-C0A4F0C365D2}.Release|Any CPU.Build.0 = Release|Any CPU
		{1B1F20C4-10D6-44DB-B582-A97FF0A6F574}.Debug|Any CPU.ActiveCfg = Debug|Any CPU
		{1B1F20C4-10D6-44DB-B582-A97FF0A6F574}.Debug|Any CPU.Build.0 = Debug|Any CPU
		{1B1F20C4-10D6-44DB-B582-A97FF0A6F574}.Release|Any CPU.ActiveCfg = Release|Any CPU
		{1B1F20C4-10D6-44DB-B582-A97FF0A6F574}.Release|Any CPU.Build.0 = Release|Any CPU
	EndGlobalSection
	GlobalSection(SolutionProperties) = preSolution
		HideSolutionNode = FALSE
	EndGlobalSection
	GlobalSection(ExtensibilityGlobals) = postSolution
		SolutionGuid = {0B7A6A28-EE17-40F9-9449-2F49FC774408}
	EndGlobalSection
EndGlobal
